
Microsoft Visual Studio Solution File, Format Version 12.00
# Visual Studio Version 17
VisualStudioVersion = 17.1.32328.378
MinimumVisualStudioVersion = 10.0.40219.1
Project("{9A19103F-16F7-4668-BE54-9A1E7A4F7556}") = "Arrays", "Arrays\Arrays.csproj", "{949F952B-0E5A-4461-866C-0B2837E35FF4}"
EndProject
Project("{9A19103F-16F7-4668-BE54-9A1E7A4F7556}") = "Common elements", "Common elements\Common elements.csproj", "{9936A109-6A91-40F1-A15B-2D7539E1CFF3}"
EndProject
Project("{9A19103F-16F7-4668-BE54-9A1E7A4F7556}") = "ZigZagArray", "ZigZagArray\ZigZagArray.csproj", "{73FD0A4D-D7AE-453C-94AA-DCC9BBB247BE}"
EndProject
Project("{9A19103F-16F7-4668-BE54-9A1E7A4F7556}") = "ArrayRotation", "ArrayRotation\ArrayRotation.csproj", "{E02C5152-F0D5-4B5F-BD1B-194D6653E3A1}"
EndProject
Project("{9A19103F-16F7-4668-BE54-9A1E7A4F7556}") = "EqualSums", "EqualSums\EqualSums.csproj", "{28534D14-376F-42D3-8D1C-CF4F6A32D258}"
EndProject
Project("{9A19103F-16F7-4668-BE54-9A1E7A4F7556}") = "TopIntegers", "TopIntegers\TopIntegers.csproj", "{8668B2C8-6008-4A4A-B845-D906DF7F265F}"
EndProject
Project("{FAE04EC0-301F-11D3-BF4B-00C04F79EFBC}") = "MaxSequenceOfEqualElem", "MaxSequenceOfEqualElem\MaxSequenceOfEqualElem.csproj", "{FC4AD472-D0BE-467F-81AB-E6C35032B7F2}"
EndProject
Global
	GlobalSection(SolutionConfigurationPlatforms) = preSolution
		Debug|Any CPU = Debug|Any CPU
		Release|Any CPU = Release|Any CPU
	EndGlobalSection
	GlobalSection(ProjectConfigurationPlatforms) = postSolution
		{949F952B-0E5A-4461-866C-0B2837E35FF4}.Debug|Any CPU.ActiveCfg = Debug|Any CPU
		{949F952B-0E5A-4461-866C-0B2837E35FF4}.Debug|Any CPU.Build.0 = Debug|Any CPU
		{949F952B-0E5A-4461-866C-0B2837E35FF4}.Release|Any CPU.ActiveCfg = Release|Any CPU
		{949F952B-0E5A-4461-866C-0B2837E35FF4}.Release|Any CPU.Build.0 = Release|Any CPU
		{9936A109-6A91-40F1-A15B-2D7539E1CFF3}.Debug|Any CPU.ActiveCfg = Debug|Any CPU
		{9936A109-6A91-40F1-A15B-2D7539E1CFF3}.Debug|Any CPU.Build.0 = Debug|Any CPU
		{9936A109-6A91-40F1-A15B-2D7539E1CFF3}.Release|Any CPU.ActiveCfg = Release|Any CPU
		{9936A109-6A91-40F1-A15B-2D7539E1CFF3}.Release|Any CPU.Build.0 = Release|Any CPU
		{73FD0A4D-D7AE-453C-94AA-DCC9BBB247BE}.Debug|Any CPU.ActiveCfg = Debug|Any CPU
		{73FD0A4D-D7AE-453C-94AA-DCC9BBB247BE}.Debug|Any CPU.Build.0 = Debug|Any CPU
		{73FD0A4D-D7AE-453C-94AA-DCC9BBB247BE}.Release|Any CPU.ActiveCfg = Release|Any CPU
		{73FD0A4D-D7AE-453C-94AA-DCC9BBB247BE}.Release|Any CPU.Build.0 = Release|Any CPU
		{E02C5152-F0D5-4B5F-BD1B-194D6653E3A1}.Debug|Any CPU.ActiveCfg = Debug|Any CPU
		{E02C5152-F0D5-4B5F-BD1B-194D6653E3A1}.Debug|Any CPU.Build.0 = Debug|Any CPU
		{E02C5152-F0D5-4B5F-BD1B-194D6653E3A1}.Release|Any CPU.ActiveCfg = Release|Any CPU
		{E02C5152-F0D5-4B5F-BD1B-194D6653E3A1}.Release|Any CPU.Build.0 = Release|Any CPU
		{28534D14-376F-42D3-8D1C-CF4F6A32D258}.Debug|Any CPU.ActiveCfg = Debug|Any CPU
		{28534D14-376F-42D3-8D1C-CF4F6A32D258}.Debug|Any CPU.Build.0 = Debug|Any CPU
		{28534D14-376F-42D3-8D1C-CF4F6A32D258}.Release|Any CPU.ActiveCfg = Release|Any CPU
		{28534D14-376F-42D3-8D1C-CF4F6A32D258}.Release|Any CPU.Build.0 = Release|Any CPU
		{8668B2C8-6008-4A4A-B845-D906DF7F265F}.Debug|Any CPU.ActiveCfg = Debug|Any CPU
		{8668B2C8-6008-4A4A-B845-D906DF7F265F}.Debug|Any CPU.Build.0 = Debug|Any CPU
		{8668B2C8-6008-4A4A-B845-D906DF7F265F}.Release|Any CPU.ActiveCfg = Release|Any CPU
		{8668B2C8-6008-4A4A-B845-D906DF7F265F}.Release|Any CPU.Build.0 = Release|Any CPU
		{FC4AD472-D0BE-467F-81AB-E6C35032B7F2}.Debug|Any CPU.ActiveCfg = Debug|Any CPU
		{FC4AD472-D0BE-467F-81AB-E6C35032B7F2}.Debug|Any CPU.Build.0 = Debug|Any CPU
		{FC4AD472-D0BE-467F-81AB-E6C35032B7F2}.Release|Any CPU.ActiveCfg = Release|Any CPU
		{FC4AD472-D0BE-467F-81AB-E6C35032B7F2}.Release|Any CPU.Build.0 = Release|Any CPU
	EndGlobalSection
	GlobalSection(SolutionProperties) = preSolution
		HideSolutionNode = FALSE
	EndGlobalSection
	GlobalSection(ExtensibilityGlobals) = postSolution
		SolutionGuid = {0BF7A5E2-75BA-4571-90D9-98EA35B4A51C}
	EndGlobalSection
EndGlobal
